// !$*UTF8*$!
{
	archiveVersion = 1;
	classes = {
	};
	objectVersion = 46;
	objects = {

/* Begin PBXBuildFile section */
		043B0BD11D12A27F0008434A /* main.m in Sources */ = {isa = PBXBuildFile; fileRef = 043B0BD01D12A27F0008434A /* main.m */; };
		043B0BD41D12A27F0008434A /* AppDelegate.m in Sources */ = {isa = PBXBuildFile; fileRef = 043B0BD31D12A27F0008434A /* AppDelegate.m */; };
		043B0BD71D12A27F0008434A /* ViewController.m in Sources */ = {isa = PBXBuildFile; fileRef = 043B0BD61D12A27F0008434A /* ViewController.m */; };
		043B0BDA1D12A27F0008434A /* Main.storyboard in Resources */ = {isa = PBXBuildFile; fileRef = 043B0BD81D12A27F0008434A /* Main.storyboard */; };
		043B0BDC1D12A27F0008434A /* Assets.xcassets in Resources */ = {isa = PBXBuildFile; fileRef = 043B0BDB1D12A27F0008434A /* Assets.xcassets */; };
		043B0BDF1D12A27F0008434A /* LaunchScreen.storyboard in Resources */ = {isa = PBXBuildFile; fileRef = 043B0BDD1D12A27F0008434A /* LaunchScreen.storyboard */; };
		04C5A02D1D17DAF800294CCC /* Hello.framework in CopyFiles */ = {isa = PBXBuildFile; fileRef = 04C5A0271D17D9DA00294CCC /* Hello.framework */; settings = {ATTRIBUTES = (CodeSignOnCopy, RemoveHeadersOnCopy, ); }; };
		366AD786205316FCC8EE729D /* libPods-BubbleTest.a in Frameworks */ = {isa = PBXBuildFile; fileRef = 38BFAA6B113EBFE58BE70E7E /* libPods-BubbleTest.a */; };
/* End PBXBuildFile section */

/* Begin PBXContainerItemProxy section */
		04C5A0261D17D9DA00294CCC /* PBXContainerItemProxy */ = {
			isa = PBXContainerItemProxy;
			containerPortal = 04C5A0221D17D9D900294CCC /* Hello.xcodeproj */;
			proxyType = 2;
			remoteGlobalIDString = 04C5A0171D17D9D900294CCC;
			remoteInfo = Hello;
		};
/* End PBXContainerItemProxy section */

/* Begin PBXCopyFilesBuildPhase section */
		04C5A02C1D17DAF000294CCC /* CopyFiles */ = {
			isa = PBXCopyFilesBuildPhase;
			buildActionMask = 12;
			dstPath = "";
			dstSubfolderSpec = 10;
			files = (
				04C5A02D1D17DAF800294CCC /* Hello.framework in CopyFiles */,
			);
			runOnlyForDeploymentPostprocessing = 0;
		};
/* End PBXCopyFilesBuildPhase section */

/* Begin PBXFileReference section */
		043B0BCC1D12A27E0008434A /* BubbleTest.app */ = {isa = PBXFileReference; explicitFileType = wrapper.application; includeInIndex = 0; path = BubbleTest.app; sourceTree = BUILT_PRODUCTS_DIR; };
		043B0BD01D12A27F0008434A /* main.m */ = {isa = PBXFileReference; lastKnownFileType = sourcecode.c.objc; path = main.m; sourceTree = "<group>"; };
		043B0BD21D12A27F0008434A /* AppDelegate.h */ = {isa = PBXFileReference; lastKnownFileType = sourcecode.c.h; path = AppDelegate.h; sourceTree = "<group>"; };
		043B0BD31D12A27F0008434A /* AppDelegate.m */ = {isa = PBXFileReference; lastKnownFileType = sourcecode.c.objc; path = AppDelegate.m; sourceTree = "<group>"; };
		043B0BD51D12A27F0008434A /* ViewController.h */ = {isa = PBXFileReference; lastKnownFileType = sourcecode.c.h; path = ViewController.h; sourceTree = "<group>"; };
		043B0BD61D12A27F0008434A /* ViewController.m */ = {isa = PBXFileReference; lastKnownFileType = sourcecode.c.objc; path = ViewController.m; sourceTree = "<group>"; };
		043B0BD91D12A27F0008434A /* Base */ = {isa = PBXFileReference; lastKnownFileType = file.storyboard; name = Base; path = Base.lproj/Main.storyboard; sourceTree = "<group>"; };
		043B0BDB1D12A27F0008434A /* Assets.xcassets */ = {isa = PBXFileReference; lastKnownFileType = folder.assetcatalog; path = Assets.xcassets; sourceTree = "<group>"; };
		043B0BDE1D12A27F0008434A /* Base */ = {isa = PBXFileReference; lastKnownFileType = file.storyboard; name = Base; path = Base.lproj/LaunchScreen.storyboard; sourceTree = "<group>"; };
		043B0BE01D12A27F0008434A /* Info.plist */ = {isa = PBXFileReference; lastKnownFileType = text.plist.xml; path = Info.plist; sourceTree = "<group>"; };
		04C5A0221D17D9D900294CCC /* Hello.xcodeproj */ = {isa = PBXFileReference; lastKnownFileType = "wrapper.pb-project"; name = Hello.xcodeproj; path = Hello/Hello.xcodeproj; sourceTree = "<group>"; };
		38BFAA6B113EBFE58BE70E7E /* libPods-BubbleTest.a */ = {isa = PBXFileReference; explicitFileType = archive.ar; includeInIndex = 0; path = "libPods-BubbleTest.a"; sourceTree = BUILT_PRODUCTS_DIR; };
		39C8319053C388C516D9547A /* Pods-BubbleTest.debug.xcconfig */ = {isa = PBXFileReference; includeInIndex = 1; lastKnownFileType = text.xcconfig; name = "Pods-BubbleTest.debug.xcconfig"; path = "Pods/Target Support Files/Pods-BubbleTest/Pods-BubbleTest.debug.xcconfig"; sourceTree = "<group>"; };
		B04D46980737C4491A12DCDE /* Pods-BubbleTest.release.xcconfig */ = {isa = PBXFileReference; includeInIndex = 1; lastKnownFileType = text.xcconfig; name = "Pods-BubbleTest.release.xcconfig"; path = "Pods/Target Support Files/Pods-BubbleTest/Pods-BubbleTest.release.xcconfig"; sourceTree = "<group>"; };
/* End PBXFileReference section */

/* Begin PBXFrameworksBuildPhase section */
		043B0BC91D12A27E0008434A /* Frameworks */ = {
			isa = PBXFrameworksBuildPhase;
			buildActionMask = 2147483647;
			files = (
				366AD786205316FCC8EE729D /* libPods-BubbleTest.a in Frameworks */,
			);
			runOnlyForDeploymentPostprocessing = 0;
		};
/* End PBXFrameworksBuildPhase section */

/* Begin PBXGroup section */
		043B0BC31D12A27E0008434A = {
			isa = PBXGroup;
			children = (
				04C5A0221D17D9D900294CCC /* Hello.xcodeproj */,
				043B0BCE1D12A27F0008434A /* BubbleTest */,
				043B0BCD1D12A27E0008434A /* Products */,
				8635C3FA5E5C642512285862 /* Pods */,
				32302FBD87295B6E7D79D0DF /* Frameworks */,
			);
			sourceTree = "<group>";
		};
		043B0BCD1D12A27E0008434A /* Products */ = {
			isa = PBXGroup;
			children = (
				043B0BCC1D12A27E0008434A /* BubbleTest.app */,
			);
			name = Products;
			sourceTree = "<group>";
		};
		043B0BCE1D12A27F0008434A /* BubbleTest */ = {
			isa = PBXGroup;
			children = (
				043B0BD21D12A27F0008434A /* AppDelegate.h */,
				043B0BD31D12A27F0008434A /* AppDelegate.m */,
				043B0BD51D12A27F0008434A /* ViewController.h */,
				043B0BD61D12A27F0008434A /* ViewController.m */,
				043B0BD81D12A27F0008434A /* Main.storyboard */,
				043B0BDB1D12A27F0008434A /* Assets.xcassets */,
				043B0BDD1D12A27F0008434A /* LaunchScreen.storyboard */,
				043B0BE01D12A27F0008434A /* Info.plist */,
				043B0BCF1D12A27F0008434A /* Supporting Files */,
			);
			path = BubbleTest;
			sourceTree = "<group>";
		};
		043B0BCF1D12A27F0008434A /* Supporting Files */ = {
			isa = PBXGroup;
			children = (
				043B0BD01D12A27F0008434A /* main.m */,
			);
			name = "Supporting Files";
			sourceTree = "<group>";
		};
		04C5A0231D17D9D900294CCC /* Products */ = {
			isa = PBXGroup;
			children = (
				04C5A0271D17D9DA00294CCC /* Hello.framework */,
			);
			name = Products;
			sourceTree = "<group>";
		};
		32302FBD87295B6E7D79D0DF /* Frameworks */ = {
			isa = PBXGroup;
			children = (
				38BFAA6B113EBFE58BE70E7E /* libPods-BubbleTest.a */,
			);
			name = Frameworks;
			sourceTree = "<group>";
		};
		8635C3FA5E5C642512285862 /* Pods */ = {
			isa = PBXGroup;
			children = (
				39C8319053C388C516D9547A /* Pods-BubbleTest.debug.xcconfig */,
				B04D46980737C4491A12DCDE /* Pods-BubbleTest.release.xcconfig */,
			);
			name = Pods;
			sourceTree = "<group>";
		};
/* End PBXGroup section */

/* Begin PBXNativeTarget section */
		043B0BCB1D12A27E0008434A /* BubbleTest */ = {
			isa = PBXNativeTarget;
			buildConfigurationList = 043B0BE31D12A27F0008434A /* Build configuration list for PBXNativeTarget "BubbleTest" */;
			buildPhases = (
				F66A524A0C19B4EA6A2CFD53 /* 📦 Check Pods Manifest.lock */,
				043B0BC81D12A27E0008434A /* Sources */,
				043B0BC91D12A27E0008434A /* Frameworks */,
				043B0BCA1D12A27E0008434A /* Resources */,
				5EF88C042A60534689416A1F /* 📦 Embed Pods Frameworks */,
				CF1E5EFF9B37920D032B1AF7 /* 📦 Copy Pods Resources */,
				04C5A02C1D17DAF000294CCC /* CopyFiles */,
			);
			buildRules = (
			);
			dependencies = (
			);
			name = BubbleTest;
			productName = BubbleTest;
			productReference = 043B0BCC1D12A27E0008434A /* BubbleTest.app */;
			productType = "com.apple.product-type.application";
		};
/* End PBXNativeTarget section */

/* Begin PBXProject section */
		043B0BC41D12A27E0008434A /* Project object */ = {
			isa = PBXProject;
			attributes = {
				LastUpgradeCheck = 0730;
				ORGANIZATIONNAME = mac;
				TargetAttributes = {
					043B0BCB1D12A27E0008434A = {
						CreatedOnToolsVersion = 7.3.1;
					};
				};
			};
			buildConfigurationList = 043B0BC71D12A27E0008434A /* Build configuration list for PBXProject "BubbleTest" */;
			compatibilityVersion = "Xcode 3.2";
			developmentRegion = English;
			hasScannedForEncodings = 0;
			knownRegions = (
				en,
				Base,
			);
			mainGroup = 043B0BC31D12A27E0008434A;
			productRefGroup = 043B0BCD1D12A27E0008434A /* Products */;
			projectDirPath = "";
			projectReferences = (
				{
					ProductGroup = 04C5A0231D17D9D900294CCC /* Products */;
					ProjectRef = 04C5A0221D17D9D900294CCC /* Hello.xcodeproj */;
				},
			);
			projectRoot = "";
			targets = (
				043B0BCB1D12A27E0008434A /* BubbleTest */,
			);
		};
/* End PBXProject section */

/* Begin PBXReferenceProxy section */
		04C5A0271D17D9DA00294CCC /* Hello.framework */ = {
			isa = PBXReferenceProxy;
			fileType = wrapper.framework;
			path = Hello.framework;
			remoteRef = 04C5A0261D17D9DA00294CCC /* PBXContainerItemProxy */;
			sourceTree = BUILT_PRODUCTS_DIR;
		};
/* End PBXReferenceProxy section */

/* Begin PBXResourcesBuildPhase section */
		043B0BCA1D12A27E0008434A /* Resources */ = {
			isa = PBXResourcesBuildPhase;
			buildActionMask = 2147483647;
			files = (
				043B0BDF1D12A27F0008434A /* LaunchScreen.storyboard in Resources */,
				043B0BDC1D12A27F0008434A /* Assets.xcassets in Resources */,
				043B0BDA1D12A27F0008434A /* Main.storyboard in Resources */,
			);
			runOnlyForDeploymentPostprocessing = 0;
		};
/* End PBXResourcesBuildPhase section */

/* Begin PBXShellScriptBuildPhase section */
		5EF88C042A60534689416A1F /* 📦 Embed Pods Frameworks */ = {
			isa = PBXShellScriptBuildPhase;
			buildActionMask = 2147483647;
			files = (
			);
			inputPaths = (
			);
			name = "📦 Embed Pods Frameworks";
			outputPaths = (
			);
			runOnlyForDeploymentPostprocessing = 0;
			shellPath = /bin/sh;
			shellScript = "\"${SRCROOT}/Pods/Target Support Files/Pods-BubbleTest/Pods-BubbleTest-frameworks.sh\"\n";
		};
		CF1E5EFF9B37920D032B1AF7 /* 📦 Copy Pods Resources */ = {
			isa = PBXShellScriptBuildPhase;
			buildActionMask = 2147483647;
			files = (
			);
			inputPaths = (
			);
			name = "📦 Copy Pods Resources";
			outputPaths = (
			);
			runOnlyForDeploymentPostprocessing = 0;
			shellPath = /bin/sh;
			shellScript = "\"${SRCROOT}/Pods/Target Support Files/Pods-BubbleTest/Pods-BubbleTest-resources.sh\"\n";
			showEnvVarsInLog = 0;
		};
		F66A524A0C19B4EA6A2CFD53 /* 📦 Check Pods Manifest.lock */ = {
			isa = PBXShellScriptBuildPhase;
			buildActionMask = 2147483647;
			files = (
			);
			inputPaths = (
			);
			name = "📦 Check Pods Manifest.lock";
			outputPaths = (
			);
			runOnlyForDeploymentPostprocessing = 0;
			shellPath = /bin/sh;
			shellScript = "diff \"${PODS_ROOT}/../Podfile.lock\" \"${PODS_ROOT}/Manifest.lock\" > /dev/null\nif [[ $? != 0 ]] ; then\n    cat << EOM\nerror: The sandbox is not in sync with the Podfile.lock. Run 'pod install' or update your CocoaPods installation.\nEOM\n    exit 1\nfi\n";
			showEnvVarsInLog = 0;
		};
/* End PBXShellScriptBuildPhase section */

/* Begin PBXSourcesBuildPhase section */
		043B0BC81D12A27E0008434A /* Sources */ = {
			isa = PBXSourcesBuildPhase;
			buildActionMask = 2147483647;
			files = (
				043B0BD71D12A27F0008434A /* ViewController.m in Sources */,
				043B0BD41D12A27F0008434A /* AppDelegate.m in Sources */,
				043B0BD11D12A27F0008434A /* main.m in Sources */,
			);
			runOnlyForDeploymentPostprocessing = 0;
		};
/* End PBXSourcesBuildPhase section */

/* Begin PBXVariantGroup section */
		043B0BD81D12A27F0008434A /* Main.storyboard */ = {
			isa = PBXVariantGroup;
			children = (
				043B0BD91D12A27F0008434A /* Base */,
			);
			name = Main.storyboard;
			sourceTree = "<group>";
		};
		043B0BDD1D12A27F0008434A /* LaunchScreen.storyboard */ = {
			isa = PBXVariantGroup;
			children = (
				043B0BDE1D12A27F0008434A /* Base */,
			);
			name = LaunchScreen.storyboard;
			sourceTree = "<group>";
		};
/* End PBXVariantGroup section */

/* Begin XCBuildConfiguration section */
		043B0BE11D12A27F0008434A /* Debug */ = {
			isa = XCBuildConfiguration;
			buildSettings = {
				ALWAYS_SEARCH_USER_PATHS = NO;
				CLANG_ANALYZER_NONNULL = YES;
				CLANG_CXX_LANGUAGE_STANDARD = "gnu++0x";
				CLANG_CXX_LIBRARY = "libc++";
				CLANG_ENABLE_MODULES = YES;
				CLANG_ENABLE_OBJC_ARC = YES;
				CLANG_WARN_BOOL_CONVERSION = YES;
				CLANG_WARN_CONSTANT_CONVERSION = YES;
				CLANG_WARN_DIRECT_OBJC_ISA_USAGE = YES_ERROR;
				CLANG_WARN_EMPTY_BODY = YES;
				CLANG_WARN_ENUM_CONVERSION = YES;
				CLANG_WARN_INT_CONVERSION = YES;
				CLANG_WARN_OBJC_ROOT_CLASS = YES_ERROR;
				CLANG_WARN_UNREACHABLE_CODE = YES;
				CLANG_WARN__DUPLICATE_METHOD_MATCH = YES;
				"CODE_SIGN_IDENTITY[sdk=iphoneos*]" = "iPhone Developer";
				COPY_PHASE_STRIP = NO;
				DEBUG_INFORMATION_FORMAT = dwarf;
				ENABLE_STRICT_OBJC_MSGSEND = YES;
				ENABLE_TESTABILITY = YES;
				GCC_C_LANGUAGE_STANDARD = gnu99;
				GCC_DYNAMIC_NO_PIC = NO;
				GCC_NO_COMMON_BLOCKS = YES;
				GCC_OPTIMIZATION_LEVEL = 0;
				GCC_PREPROCESSOR_DEFINITIONS = (
					"DEBUG=1",
					"$(inherited)",
				);
				GCC_WARN_64_TO_32_BIT_CONVERSION = YES;
				GCC_WARN_ABOUT_RETURN_TYPE = YES_ERROR;
				GCC_WARN_UNDECLARED_SELECTOR = YES;
				GCC_WARN_UNINITIALIZED_AUTOS = YES_AGGRESSIVE;
				GCC_WARN_UNUSED_FUNCTION = YES;
				GCC_WARN_UNUSED_VARIABLE = YES;
				IPHONEOS_DEPLOYMENT_TARGET = 9.3;
				MTL_ENABLE_DEBUG_INFO = YES;
				ONLY_ACTIVE_ARCH = YES;
				SDKROOT = iphoneos;
				TARGETED_DEVICE_FAMILY = "1,2";
			};
			name = Debug;
		};
		043B0BE21D12A27F0008434A /* Release */ = {
			isa = XCBuildConfiguration;
			buildSettings = {
				ALWAYS_SEARCH_USER_PATHS = NO;
				CLANG_ANALYZER_NONNULL = YES;
				CLANG_CXX_LANGUAGE_STANDARD = "gnu++0x";
				CLANG_CXX_LIBRARY = "libc++";
				CLANG_ENABLE_MODULES = YES;
				CLANG_ENABLE_OBJC_ARC = YES;
				CLANG_WARN_BOOL_CONVERSION = YES;
				CLANG_WARN_CONSTANT_CONVERSION = YES;
				CLANG_WARN_DIRECT_OBJC_ISA_USAGE = YES_ERROR;
				CLANG_WARN_EMPTY_BODY = YES;
				CLANG_WARN_ENUM_CONVERSION = YES;
				CLANG_WARN_INT_CONVERSION = YES;
				CLANG_WARN_OBJC_ROOT_CLASS = YES_ERROR;
				CLANG_WARN_UNREACHABLE_CODE = YES;
				CLANG_WARN__DUPLICATE_METHOD_MATCH = YES;
				"CODE_SIGN_IDENTITY[sdk=iphoneos*]" = "iPhone Developer";
				COPY_PHASE_STRIP = NO;
				DEBUG_INFORMATION_FORMAT = "dwarf-with-dsym";
				ENABLE_NS_ASSERTIONS = NO;
				ENABLE_STRICT_OBJC_MSGSEND = YES;
				GCC_C_LANGUAGE_STANDARD = gnu99;
				GCC_NO_COMMON_BLOCKS = YES;
				GCC_WARN_64_TO_32_BIT_CONVERSION = YES;
				GCC_WARN_ABOUT_RETURN_TYPE = YES_ERROR;
				GCC_WARN_UNDECLARED_SELECTOR = YES;
				GCC_WARN_UNINITIALIZED_AUTOS = YES_AGGRESSIVE;
				GCC_WARN_UNUSED_FUNCTION = YES;
				GCC_WARN_UNUSED_VARIABLE = YES;
				IPHONEOS_DEPLOYMENT_TARGET = 9.3;
				MTL_ENABLE_DEBUG_INFO = NO;
				SDKROOT = iphoneos;
				TARGETED_DEVICE_FAMILY = "1,2";
				VALIDATE_PRODUCT = YES;
			};
			name = Release;
		};
		043B0BE41D12A27F0008434A /* Debug */ = {
			isa = XCBuildConfiguration;
			baseConfigurationReference = 39C8319053C388C516D9547A /* Pods-BubbleTest.debug.xcconfig */;
			buildSettings = {
				ASSETCATALOG_COMPILER_APPICON_NAME = AppIcon;
				INFOPLIST_FILE = BubbleTest/Info.plist;
				LD_RUNPATH_SEARCH_PATHS = "$(inherited) @executable_path/Frameworks";
				PRODUCT_BUNDLE_IDENTIFIER = sss.BubbleTest;
				PRODUCT_NAME = "$(TARGET_NAME)";
				USER_HEADER_SEARCH_PATHS = "$(BUILT_PRODUCTS_DIR)";
			};
			name = Debug;
		};
		043B0BE51D12A27F0008434A /* Release */ = {
			isa = XCBuildConfiguration;
			baseConfigurationReference = B04D46980737C4491A12DCDE /* Pods-BubbleTest.release.xcconfig */;
			buildSettings = {
				ASSETCATALOG_COMPILER_APPICON_NAME = AppIcon;
				INFOPLIST_FILE = BubbleTest/Info.plist;
				LD_RUNPATH_SEARCH_PATHS = "$(inherited) @executable_path/Frameworks";
				PRODUCT_BUNDLE_IDENTIFIER = sss.BubbleTest;
				PRODUCT_NAME = "$(TARGET_NAME)";
				USER_HEADER_SEARCH_PATHS = "$(BUILT_PRODUCTS_DIR)";
			};
			name = Release;
		};
/* End XCBuildConfiguration section */

/* Begin XCConfigurationList section */
		043B0BC71D12A27E0008434A /* Build configuration list for PBXProject "BubbleTest" */ = {
			isa = XCConfigurationList;
			buildConfigurations = (
				043B0BE11D12A27F0008434A /* Debug */,
				043B0BE21D12A27F0008434A /* Release */,
			);
			defaultConfigurationIsVisible = 0;
			defaultConfigurationName = Release;
		};
		043B0BE31D12A27F0008434A /* Build configuration list for PBXNativeTarget "BubbleTest" */ = {
			isa = XCConfigurationList;
			buildConfigurations = (
				043B0BE41D12A27F0008434A /* Debug */,
				043B0BE51D12A27F0008434A /* Release */,
			);
			defaultConfigurationIsVisible = 0;
			defaultConfigurationName = Release;
		};
/* End XCConfigurationList section */
	};
	rootObject = 043B0BC41D12A27E0008434A /* Project object */;
}
